// !$*UTF8*$!
{
	archiveVersion = 1;
	classes = {
	};
	objectVersion = 55;
	objects = {

/* Begin PBXBuildFile section */
		EC0C54CA28BD564E003F7CA6 /* SignDetection.swift in Sources */ = {isa = PBXBuildFile; fileRef = EC0C54C928BD564E003F7CA6 /* SignDetection.swift */; };
		EC1DD6D428BCE619002BB23F /* AppDelegate.swift in Sources */ = {isa = PBXBuildFile; fileRef = EC1DD6D328BCE619002BB23F /* AppDelegate.swift */; };
		EC1DD6D628BCE619002BB23F /* art.scnassets in Resources */ = {isa = PBXBuildFile; fileRef = EC1DD6D528BCE619002BB23F /* art.scnassets */; };
		EC1DD6D828BCE619002BB23F /* ViewController.swift in Sources */ = {isa = PBXBuildFile; fileRef = EC1DD6D728BCE619002BB23F /* ViewController.swift */; };
		EC1DD6DB28BCE619002BB23F /* Main.storyboard in Resources */ = {isa = PBXBuildFile; fileRef = EC1DD6D928BCE619002BB23F /* Main.storyboard */; };
		EC1DD6DD28BCE619002BB23F /* Assets.xcassets in Resources */ = {isa = PBXBuildFile; fileRef = EC1DD6DC28BCE619002BB23F /* Assets.xcassets */; };
		EC1DD6E028BCE619002BB23F /* LaunchScreen.storyboard in Resources */ = {isa = PBXBuildFile; fileRef = EC1DD6DE28BCE619002BB23F /* LaunchScreen.storyboard */; };
		EC1DD6EF28BCF7CE002BB23F /* SignLanguageDetection_E.mlmodel in Sources */ = {isa = PBXBuildFile; fileRef = EC1DD6EE28BCF7CE002BB23F /* SignLanguageDetection_E.mlmodel */; };
		F925FEF228BE46C400337FAD /* MyHandPoseClassifier_E.mlmodel in Sources */ = {isa = PBXBuildFile; fileRef = F925FEF128BE46C400337FAD /* MyHandPoseClassifier_E.mlmodel */; };
		F97B8FF428BFCBAA00D4026C /* SecondView.storyboard in Resources */ = {isa = PBXBuildFile; fileRef = F97B8FF328BFCBAA00D4026C /* SecondView.storyboard */; };
		F97B8FF628BFCBB700D4026C /* SecondViewController.swift in Sources */ = {isa = PBXBuildFile; fileRef = F97B8FF528BFCBB700D4026C /* SecondViewController.swift */; };
		F97B8FF828BFEB3400D4026C /* HandGestureProcessor.swift in Sources */ = {isa = PBXBuildFile; fileRef = F97B8FF728BFEB3400D4026C /* HandGestureProcessor.swift */; };
		F97B902928C1470800D4026C /* Color+Extension.swift in Sources */ = {isa = PBXBuildFile; fileRef = F97B902828C1470800D4026C /* Color+Extension.swift */; };
/* End PBXBuildFile section */

/* Begin PBXFileReference section */
		EC0C54C928BD564E003F7CA6 /* SignDetection.swift */ = {isa = PBXFileReference; lastKnownFileType = sourcecode.swift; path = SignDetection.swift; sourceTree = "<group>"; };
		EC1DD6D028BCE619002BB23F /* SignName_SceneKit.app */ = {isa = PBXFileReference; explicitFileType = wrapper.application; includeInIndex = 0; path = SignName_SceneKit.app; sourceTree = BUILT_PRODUCTS_DIR; };
		EC1DD6D328BCE619002BB23F /* AppDelegate.swift */ = {isa = PBXFileReference; lastKnownFileType = sourcecode.swift; path = AppDelegate.swift; sourceTree = "<group>"; };
		EC1DD6D528BCE619002BB23F /* art.scnassets */ = {isa = PBXFileReference; lastKnownFileType = wrapper.scnassets; path = art.scnassets; sourceTree = "<group>"; };
		EC1DD6D728BCE619002BB23F /* ViewController.swift */ = {isa = PBXFileReference; lastKnownFileType = sourcecode.swift; path = ViewController.swift; sourceTree = "<group>"; };
		EC1DD6DA28BCE619002BB23F /* Base */ = {isa = PBXFileReference; lastKnownFileType = file.storyboard; name = Base; path = Base.lproj/Main.storyboard; sourceTree = "<group>"; };
		EC1DD6DC28BCE619002BB23F /* Assets.xcassets */ = {isa = PBXFileReference; lastKnownFileType = folder.assetcatalog; path = Assets.xcassets; sourceTree = "<group>"; };
		EC1DD6DF28BCE619002BB23F /* Base */ = {isa = PBXFileReference; lastKnownFileType = file.storyboard; name = Base; path = Base.lproj/LaunchScreen.storyboard; sourceTree = "<group>"; };
		EC1DD6EE28BCF7CE002BB23F /* SignLanguageDetection_E.mlmodel */ = {isa = PBXFileReference; lastKnownFileType = file.mlmodel; path = SignLanguageDetection_E.mlmodel; sourceTree = "<group>"; };
		F925FEF128BE46C400337FAD /* MyHandPoseClassifier_E.mlmodel */ = {isa = PBXFileReference; lastKnownFileType = file.mlmodel; name = MyHandPoseClassifier_E.mlmodel; path = ../../MyHandPoseClassifier_E.mlmodel; sourceTree = "<group>"; };
		F97B8FF328BFCBAA00D4026C /* SecondView.storyboard */ = {isa = PBXFileReference; lastKnownFileType = file.storyboard; path = SecondView.storyboard; sourceTree = "<group>"; };
		F97B8FF528BFCBB700D4026C /* SecondViewController.swift */ = {isa = PBXFileReference; lastKnownFileType = sourcecode.swift; path = SecondViewController.swift; sourceTree = "<group>"; };
		F97B8FF728BFEB3400D4026C /* HandGestureProcessor.swift */ = {isa = PBXFileReference; lastKnownFileType = sourcecode.swift; path = HandGestureProcessor.swift; sourceTree = "<group>"; };
		F97B902828C1470800D4026C /* Color+Extension.swift */ = {isa = PBXFileReference; lastKnownFileType = sourcecode.swift; path = "Color+Extension.swift"; sourceTree = "<group>"; };
/* End PBXFileReference section */

/* Begin PBXFrameworksBuildPhase section */
		EC1DD6CD28BCE619002BB23F /* Frameworks */ = {
			isa = PBXFrameworksBuildPhase;
			buildActionMask = 2147483647;
			files = (
			);
			runOnlyForDeploymentPostprocessing = 0;
		};
/* End PBXFrameworksBuildPhase section */

/* Begin PBXGroup section */
		EC1DD6C728BCE619002BB23F = {
			isa = PBXGroup;
			children = (
				EC1DD6D228BCE619002BB23F /* SignName_SceneKit */,
				EC1DD6D128BCE619002BB23F /* Products */,
			);
			sourceTree = "<group>";
		};
		EC1DD6D128BCE619002BB23F /* Products */ = {
			isa = PBXGroup;
			children = (
				EC1DD6D028BCE619002BB23F /* SignName_SceneKit.app */,
			);
			name = Products;
			sourceTree = "<group>";
		};
		EC1DD6D228BCE619002BB23F /* SignName_SceneKit */ = {
			isa = PBXGroup;
			children = (
				EC1DD6D328BCE619002BB23F /* AppDelegate.swift */,
				EC1DD6D528BCE619002BB23F /* art.scnassets */,
				EC1DD6D728BCE619002BB23F /* ViewController.swift */,
				EC0C54C928BD564E003F7CA6 /* SignDetection.swift */,
				F97B8FF328BFCBAA00D4026C /* SecondView.storyboard */,
				F97B8FF528BFCBB700D4026C /* SecondViewController.swift */,
				F97B902828C1470800D4026C /* Color+Extension.swift */,
				F97B8FF728BFEB3400D4026C /* HandGestureProcessor.swift */,
				EC1DD6D928BCE619002BB23F /* Main.storyboard */,
				EC1DD6DC28BCE619002BB23F /* Assets.xcassets */,
				EC1DD6DE28BCE619002BB23F /* LaunchScreen.storyboard */,
				EC1DD6EE28BCF7CE002BB23F /* SignLanguageDetection_E.mlmodel */,
				F925FEF128BE46C400337FAD /* MyHandPoseClassifier_E.mlmodel */,
			);
			path = SignName_SceneKit;
			sourceTree = "<group>";
		};
/* End PBXGroup section */

/* Begin PBXNativeTarget section */
		EC1DD6CF28BCE619002BB23F /* SignName_SceneKit */ = {
			isa = PBXNativeTarget;
			buildConfigurationList = EC1DD6E328BCE619002BB23F /* Build configuration list for PBXNativeTarget "SignName_SceneKit" */;
			buildPhases = (
				EC1DD6CC28BCE619002BB23F /* Sources */,
				EC1DD6CD28BCE619002BB23F /* Frameworks */,
				EC1DD6CE28BCE619002BB23F /* Resources */,
			);
			buildRules = (
			);
			dependencies = (
			);
			name = SignName_SceneKit;
			productName = SignName_SceneKit;
			productReference = EC1DD6D028BCE619002BB23F /* SignName_SceneKit.app */;
			productType = "com.apple.product-type.application";
		};
/* End PBXNativeTarget section */

/* Begin PBXProject section */
		EC1DD6C828BCE619002BB23F /* Project object */ = {
			isa = PBXProject;
			attributes = {
				BuildIndependentTargetsInParallel = 1;
				LastSwiftUpdateCheck = 1340;
				LastUpgradeCheck = 1340;
				TargetAttributes = {
					EC1DD6CF28BCE619002BB23F = {
						CreatedOnToolsVersion = 13.4.1;
					};
				};
			};
			buildConfigurationList = EC1DD6CB28BCE619002BB23F /* Build configuration list for PBXProject "SignName_SceneKit" */;
			compatibilityVersion = "Xcode 13.0";
			developmentRegion = en;
			hasScannedForEncodings = 0;
			knownRegions = (
				en,
				Base,
			);
			mainGroup = EC1DD6C728BCE619002BB23F;
			productRefGroup = EC1DD6D128BCE619002BB23F /* Products */;
			projectDirPath = "";
			projectRoot = "";
			targets = (
				EC1DD6CF28BCE619002BB23F /* SignName_SceneKit */,
			);
		};
/* End PBXProject section */

/* Begin PBXResourcesBuildPhase section */
		EC1DD6CE28BCE619002BB23F /* Resources */ = {
			isa = PBXResourcesBuildPhase;
			buildActionMask = 2147483647;
			files = (
				EC1DD6D628BCE619002BB23F /* art.scnassets in Resources */,
				EC1DD6E028BCE619002BB23F /* LaunchScreen.storyboard in Resources */,
				EC1DD6DD28BCE619002BB23F /* Assets.xcassets in Resources */,
				F97B8FF428BFCBAA00D4026C /* SecondView.storyboard in Resources */,
				EC1DD6DB28BCE619002BB23F /* Main.storyboard in Resources */,
			);
			runOnlyForDeploymentPostprocessing = 0;
		};
/* End PBXResourcesBuildPhase section */

/* Begin PBXSourcesBuildPhase section */
		EC1DD6CC28BCE619002BB23F /* Sources */ = {
			isa = PBXSourcesBuildPhase;
			buildActionMask = 2147483647;
			files = (
				F97B8FF628BFCBB700D4026C /* SecondViewController.swift in Sources */,
				EC1DD6D828BCE619002BB23F /* ViewController.swift in Sources */,
				F97B902928C1470800D4026C /* Color+Extension.swift in Sources */,
				EC1DD6EF28BCF7CE002BB23F /* SignLanguageDetection_E.mlmodel in Sources */,
				EC0C54CA28BD564E003F7CA6 /* SignDetection.swift in Sources */,
				F925FEF228BE46C400337FAD /* MyHandPoseClassifier_E.mlmodel in Sources */,
				F97B8FF828BFEB3400D4026C /* HandGestureProcessor.swift in Sources */,
				EC1DD6D428BCE619002BB23F /* AppDelegate.swift in Sources */,
			);
			runOnlyForDeploymentPostprocessing = 0;
		};
/* End PBXSourcesBuildPhase section */

/* Begin PBXVariantGroup section */
		EC1DD6D928BCE619002BB23F /* Main.storyboard */ = {
			isa = PBXVariantGroup;
			children = (
				EC1DD6DA28BCE619002BB23F /* Base */,
			);
			name = Main.storyboard;
			sourceTree = "<group>";
		};
		EC1DD6DE28BCE619002BB23F /* LaunchScreen.storyboard */ = {
			isa = PBXVariantGroup;
			children = (
				EC1DD6DF28BCE619002BB23F /* Base */,
			);
			name = LaunchScreen.storyboard;
			sourceTree = "<group>";
		};
/* End PBXVariantGroup section */

/* Begin XCBuildConfiguration section */
		EC1DD6E128BCE619002BB23F /* Debug */ = {
			isa = XCBuildConfiguration;
			buildSettings = {
				ALWAYS_SEARCH_USER_PATHS = NO;
				CLANG_ANALYZER_NONNULL = YES;
				CLANG_ANALYZER_NUMBER_OBJECT_CONVERSION = YES_AGGRESSIVE;
				CLANG_CXX_LANGUAGE_STANDARD = "gnu++17";
				CLANG_ENABLE_MODULES = YES;
				CLANG_ENABLE_OBJC_ARC = YES;
				CLANG_ENABLE_OBJC_WEAK = YES;
				CLANG_WARN_BLOCK_CAPTURE_AUTORELEASING = YES;
				CLANG_WARN_BOOL_CONVERSION = YES;
				CLANG_WARN_COMMA = YES;
				CLANG_WARN_CONSTANT_CONVERSION = YES;
				CLANG_WARN_DEPRECATED_OBJC_IMPLEMENTATIONS = YES;
				CLANG_WARN_DIRECT_OBJC_ISA_USAGE = YES_ERROR;
				CLANG_WARN_DOCUMENTATION_COMMENTS = YES;
				CLANG_WARN_EMPTY_BODY = YES;
				CLANG_WARN_ENUM_CONVERSION = YES;
				CLANG_WARN_INFINITE_RECURSION = YES;
				CLANG_WARN_INT_CONVERSION = YES;
				CLANG_WARN_NON_LITERAL_NULL_CONVERSION = YES;
				CLANG_WARN_OBJC_IMPLICIT_RETAIN_SELF = YES;
				CLANG_WARN_OBJC_LITERAL_CONVERSION = YES;
				CLANG_WARN_OBJC_ROOT_CLASS = YES_ERROR;
				CLANG_WARN_QUOTED_INCLUDE_IN_FRAMEWORK_HEADER = YES;
				CLANG_WARN_RANGE_LOOP_ANALYSIS = YES;
				CLANG_WARN_STRICT_PROTOTYPES = YES;
				CLANG_WARN_SUSPICIOUS_MOVE = YES;
				CLANG_WARN_UNGUARDED_AVAILABILITY = YES_AGGRESSIVE;
				CLANG_WARN_UNREACHABLE_CODE = YES;
				CLANG_WARN__DUPLICATE_METHOD_MATCH = YES;
				COPY_PHASE_STRIP = NO;
				DEBUG_INFORMATION_FORMAT = dwarf;
				ENABLE_STRICT_OBJC_MSGSEND = YES;
				ENABLE_TESTABILITY = YES;
				GCC_C_LANGUAGE_STANDARD = gnu11;
				GCC_DYNAMIC_NO_PIC = NO;
				GCC_NO_COMMON_BLOCKS = YES;
				GCC_OPTIMIZATION_LEVEL = 0;
				GCC_PREPROCESSOR_DEFINITIONS = (
					"DEBUG=1",
					"$(inherited)",
				);
				GCC_WARN_64_TO_32_BIT_CONVERSION = YES;
				GCC_WARN_ABOUT_RETURN_TYPE = YES_ERROR;
				GCC_WARN_UNDECLARED_SELECTOR = YES;
				GCC_WARN_UNINITIALIZED_AUTOS = YES_AGGRESSIVE;
				GCC_WARN_UNUSED_FUNCTION = YES;
				GCC_WARN_UNUSED_VARIABLE = YES;
				IPHONEOS_DEPLOYMENT_TARGET = 15.5;
				MTL_ENABLE_DEBUG_INFO = INCLUDE_SOURCE;
				MTL_FAST_MATH = YES;
				ONLY_ACTIVE_ARCH = YES;
				SDKROOT = iphoneos;
				SWIFT_ACTIVE_COMPILATION_CONDITIONS = DEBUG;
				SWIFT_OPTIMIZATION_LEVEL = "-Onone";
			};
			name = Debug;
		};
		EC1DD6E228BCE619002BB23F /* Release */ = {
			isa = XCBuildConfiguration;
			buildSettings = {
				ALWAYS_SEARCH_USER_PATHS = NO;
				CLANG_ANALYZER_NONNULL = YES;
				CLANG_ANALYZER_NUMBER_OBJECT_CONVERSION = YES_AGGRESSIVE;
				CLANG_CXX_LANGUAGE_STANDARD = "gnu++17";
				CLANG_ENABLE_MODULES = YES;
				CLANG_ENABLE_OBJC_ARC = YES;
				CLANG_ENABLE_OBJC_WEAK = YES;
				CLANG_WARN_BLOCK_CAPTURE_AUTORELEASING = YES;
				CLANG_WARN_BOOL_CONVERSION = YES;
				CLANG_WARN_COMMA = YES;
				CLANG_WARN_CONSTANT_CONVERSION = YES;
				CLANG_WARN_DEPRECATED_OBJC_IMPLEMENTATIONS = YES;
				CLANG_WARN_DIRECT_OBJC_ISA_USAGE = YES_ERROR;
				CLANG_WARN_DOCUMENTATION_COMMENTS = YES;
				CLANG_WARN_EMPTY_BODY = YES;
				CLANG_WARN_ENUM_CONVERSION = YES;
				CLANG_WARN_INFINITE_RECURSION = YES;
				CLANG_WARN_INT_CONVERSION = YES;
				CLANG_WARN_NON_LITERAL_NULL_CONVERSION = YES;
				CLANG_WARN_OBJC_IMPLICIT_RETAIN_SELF = YES;
				CLANG_WARN_OBJC_LITERAL_CONVERSION = YES;
				CLANG_WARN_OBJC_ROOT_CLASS = YES_ERROR;
				CLANG_WARN_QUOTED_INCLUDE_IN_FRAMEWORK_HEADER = YES;
				CLANG_WARN_RANGE_LOOP_ANALYSIS = YES;
				CLANG_WARN_STRICT_PROTOTYPES = YES;
				CLANG_WARN_SUSPICIOUS_MOVE = YES;
				CLANG_WARN_UNGUARDED_AVAILABILITY = YES_AGGRESSIVE;
				CLANG_WARN_UNREACHABLE_CODE = YES;
				CLANG_WARN__DUPLICATE_METHOD_MATCH = YES;
				COPY_PHASE_STRIP = NO;
				DEBUG_INFORMATION_FORMAT = "dwarf-with-dsym";
				ENABLE_NS_ASSERTIONS = NO;
				ENABLE_STRICT_OBJC_MSGSEND = YES;
				GCC_C_LANGUAGE_STANDARD = gnu11;
				GCC_NO_COMMON_BLOCKS = YES;
				GCC_WARN_64_TO_32_BIT_CONVERSION = YES;
				GCC_WARN_ABOUT_RETURN_TYPE = YES_ERROR;
				GCC_WARN_UNDECLARED_SELECTOR = YES;
				GCC_WARN_UNINITIALIZED_AUTOS = YES_AGGRESSIVE;
				GCC_WARN_UNUSED_FUNCTION = YES;
				GCC_WARN_UNUSED_VARIABLE = YES;
				IPHONEOS_DEPLOYMENT_TARGET = 15.5;
				MTL_ENABLE_DEBUG_INFO = NO;
				MTL_FAST_MATH = YES;
				SDKROOT = iphoneos;
				SWIFT_COMPILATION_MODE = wholemodule;
				SWIFT_OPTIMIZATION_LEVEL = "-O";
				VALIDATE_PRODUCT = YES;
			};
			name = Release;
		};
		EC1DD6E428BCE619002BB23F /* Debug */ = {
			isa = XCBuildConfiguration;
			buildSettings = {
				ASSETCATALOG_COMPILER_APPICON_NAME = AppIcon;
				ASSETCATALOG_COMPILER_GLOBAL_ACCENT_COLOR_NAME = AccentColor;
				CODE_SIGN_STYLE = Automatic;
				CURRENT_PROJECT_VERSION = 1;
				DEVELOPMENT_TEAM = L3A22T43UF;
				GENERATE_INFOPLIST_FILE = YES;
				INFOPLIST_KEY_NSCameraUsageDescription = "";
				INFOPLIST_KEY_UIApplicationSupportsIndirectInputEvents = YES;
				INFOPLIST_KEY_UILaunchStoryboardName = LaunchScreen;
				INFOPLIST_KEY_UIMainStoryboardFile = Main;
				INFOPLIST_KEY_UIRequiredDeviceCapabilities = arkit;
				INFOPLIST_KEY_UIStatusBarHidden = YES;
				INFOPLIST_KEY_UISupportedInterfaceOrientations_iPad = "UIInterfaceOrientationPortrait UIInterfaceOrientationPortraitUpsideDown UIInterfaceOrientationLandscapeLeft UIInterfaceOrientationLandscapeRight";
				INFOPLIST_KEY_UISupportedInterfaceOrientations_iPhone = "UIInterfaceOrientationPortrait UIInterfaceOrientationLandscapeLeft UIInterfaceOrientationLandscapeRight";
				LD_RUNPATH_SEARCH_PATHS = (
					"$(inherited)",
					"@executable_path/Frameworks",
				);
				MARKETING_VERSION = 1.0;
				PRODUCT_BUNDLE_IDENTIFIER = "com.pos.jimin.SignName-SceneKit";
				PRODUCT_NAME = "$(TARGET_NAME)";
				SWIFT_EMIT_LOC_STRINGS = YES;
				SWIFT_VERSION = 5.0;
				TARGETED_DEVICE_FAMILY = "1,2";
			};
			name = Debug;
		};
		EC1DD6E528BCE619002BB23F /* Release */ = {
			isa = XCBuildConfiguration;
			buildSettings = {
				ASSETCATALOG_COMPILER_APPICON_NAME = AppIcon;
				ASSETCATALOG_COMPILER_GLOBAL_ACCENT_COLOR_NAME = AccentColor;
				CODE_SIGN_STYLE = Automatic;
				CURRENT_PROJECT_VERSION = 1;
				DEVELOPMENT_TEAM = L3A22T43UF;
				GENERATE_INFOPLIST_FILE = YES;
				INFOPLIST_KEY_NSCameraUsageDescription = "";
				INFOPLIST_KEY_UIApplicationSupportsIndirectInputEvents = YES;
				INFOPLIST_KEY_UILaunchStoryboardName = LaunchScreen;
				INFOPLIST_KEY_UIMainStoryboardFile = Main;
				INFOPLIST_KEY_UIRequiredDeviceCapabilities = arkit;
				INFOPLIST_KEY_UIStatusBarHidden = YES;
				INFOPLIST_KEY_UISupportedInterfaceOrientations_iPad = "UIInterfaceOrientationPortrait UIInterfaceOrientationPortraitUpsideDown UIInterfaceOrientationLandscapeLeft UIInterfaceOrientationLandscapeRight";
				INFOPLIST_KEY_UISupportedInterfaceOrientations_iPhone = "UIInterfaceOrientationPortrait UIInterfaceOrientationLandscapeLeft UIInterfaceOrientationLandscapeRight";
				LD_RUNPATH_SEARCH_PATHS = (
					"$(inherited)",
					"@executable_path/Frameworks",
				);
				MARKETING_VERSION = 1.0;
				PRODUCT_BUNDLE_IDENTIFIER = "com.pos.jimin.SignName-SceneKit";
				PRODUCT_NAME = "$(TARGET_NAME)";
				SWIFT_EMIT_LOC_STRINGS = YES;
				SWIFT_VERSION = 5.0;
				TARGETED_DEVICE_FAMILY = "1,2";
			};
			name = Release;
		};
/* End XCBuildConfiguration section */

/* Begin XCConfigurationList section */
		EC1DD6CB28BCE619002BB23F /* Build configuration list for PBXProject "SignName_SceneKit" */ = {
			isa = XCConfigurationList;
			buildConfigurations = (
				EC1DD6E128BCE619002BB23F /* Debug */,
				EC1DD6E228BCE619002BB23F /* Release */,
			);
			defaultConfigurationIsVisible = 0;
			defaultConfigurationName = Release;
		};
		EC1DD6E328BCE619002BB23F /* Build configuration list for PBXNativeTarget "SignName_SceneKit" */ = {
			isa = XCConfigurationList;
			buildConfigurations = (
				EC1DD6E428BCE619002BB23F /* Debug */,
				EC1DD6E528BCE619002BB23F /* Release */,
			);
			defaultConfigurationIsVisible = 0;
			defaultConfigurationName = Release;
		};
/* End XCConfigurationList section */
	};
	rootObject = EC1DD6C828BCE619002BB23F /* Project object */;
}
